// !$*UTF8*$!
{
	archiveVersion = 1;
	classes = {
	};
	objectVersion = 46;
	objects = {

/* Begin PBXBuildFile section */
		748DD0C5FFBE92DF2CB1BC63 /* Pods_Demo.framework in Frameworks */ = {isa = PBXBuildFile; fileRef = 0493FB79ED4DDC0B1892DE47 /* Pods_Demo.framework */; };
		8DCF8C2F1D1BDAB4003D9125 /* AppDelegate.swift in Sources */ = {isa = PBXBuildFile; fileRef = 8DCF8C2E1D1BDAB4003D9125 /* AppDelegate.swift */; };
		8DCF8C311D1BDAB4003D9125 /* ViewController.swift in Sources */ = {isa = PBXBuildFile; fileRef = 8DCF8C301D1BDAB4003D9125 /* ViewController.swift */; };
		8DCF8C341D1BDAB4003D9125 /* Main.storyboard in Resources */ = {isa = PBXBuildFile; fileRef = 8DCF8C321D1BDAB4003D9125 /* Main.storyboard */; };
		8DCF8C361D1BDAB4003D9125 /* Assets.xcassets in Resources */ = {isa = PBXBuildFile; fileRef = 8DCF8C351D1BDAB4003D9125 /* Assets.xcassets */; };
		8DCF8C391D1BDAB4003D9125 /* LaunchScreen.storyboard in Resources */ = {isa = PBXBuildFile; fileRef = 8DCF8C371D1BDAB4003D9125 /* LaunchScreen.storyboard */; };
		8DCF8C481D1BE200003D9125 /* Forcast.swift in Sources */ = {isa = PBXBuildFile; fileRef = 8DCF8C411D1BE200003D9125 /* Forcast.swift */; };
		8DCF8C491D1BE200003D9125 /* ForcastQuery.swift in Sources */ = {isa = PBXBuildFile; fileRef = 8DCF8C431D1BE200003D9125 /* ForcastQuery.swift */; };
		8DCF8C4A1D1BE200003D9125 /* GitHubAPIService.swift in Sources */ = {isa = PBXBuildFile; fileRef = 8DCF8C441D1BE200003D9125 /* GitHubAPIService.swift */; };
		8DCF8C4B1D1BE200003D9125 /* GithubUserContentService.swift in Sources */ = {isa = PBXBuildFile; fileRef = 8DCF8C451D1BE200003D9125 /* GithubUserContentService.swift */; };
		8DCF8C4C1D1BE200003D9125 /* WeatherQuery.swift in Sources */ = {isa = PBXBuildFile; fileRef = 8DCF8C461D1BE200003D9125 /* WeatherQuery.swift */; };
		8DCF8C4D1D1BE200003D9125 /* ZenQuery.swift in Sources */ = {isa = PBXBuildFile; fileRef = 8DCF8C471D1BE200003D9125 /* ZenQuery.swift */; };
/* End PBXBuildFile section */

/* Begin PBXFileReference section */
		0493FB79ED4DDC0B1892DE47 /* Pods_Demo.framework */ = {isa = PBXFileReference; explicitFileType = wrapper.framework; includeInIndex = 0; path = Pods_Demo.framework; sourceTree = BUILT_PRODUCTS_DIR; };
		5E9D9A0362CA5BBBF3E3E5B6 /* Pods-Demo.debug.xcconfig */ = {isa = PBXFileReference; includeInIndex = 1; lastKnownFileType = text.xcconfig; name = "Pods-Demo.debug.xcconfig"; path = "Pods/Target Support Files/Pods-Demo/Pods-Demo.debug.xcconfig"; sourceTree = "<group>"; };
		8BF0588FB7D5A8FAE7FDB1C9 /* Pods-Demo.release.xcconfig */ = {isa = PBXFileReference; includeInIndex = 1; lastKnownFileType = text.xcconfig; name = "Pods-Demo.release.xcconfig"; path = "Pods/Target Support Files/Pods-Demo/Pods-Demo.release.xcconfig"; sourceTree = "<group>"; };
		8DCF8C2B1D1BDAB4003D9125 /* Demo.app */ = {isa = PBXFileReference; explicitFileType = wrapper.application; includeInIndex = 0; path = Demo.app; sourceTree = BUILT_PRODUCTS_DIR; };
		8DCF8C2E1D1BDAB4003D9125 /* AppDelegate.swift */ = {isa = PBXFileReference; lastKnownFileType = sourcecode.swift; path = AppDelegate.swift; sourceTree = "<group>"; };
		8DCF8C301D1BDAB4003D9125 /* ViewController.swift */ = {isa = PBXFileReference; lastKnownFileType = sourcecode.swift; path = ViewController.swift; sourceTree = "<group>"; };
		8DCF8C331D1BDAB4003D9125 /* Base */ = {isa = PBXFileReference; lastKnownFileType = file.storyboard; name = Base; path = Base.lproj/Main.storyboard; sourceTree = "<group>"; };
		8DCF8C351D1BDAB4003D9125 /* Assets.xcassets */ = {isa = PBXFileReference; lastKnownFileType = folder.assetcatalog; path = Assets.xcassets; sourceTree = "<group>"; };
		8DCF8C381D1BDAB4003D9125 /* Base */ = {isa = PBXFileReference; lastKnownFileType = file.storyboard; name = Base; path = Base.lproj/LaunchScreen.storyboard; sourceTree = "<group>"; };
		8DCF8C3A1D1BDAB4003D9125 /* Info.plist */ = {isa = PBXFileReference; lastKnownFileType = text.plist.xml; path = Info.plist; sourceTree = "<group>"; };
		8DCF8C411D1BE200003D9125 /* Forcast.swift */ = {isa = PBXFileReference; fileEncoding = 4; lastKnownFileType = sourcecode.swift; path = Forcast.swift; sourceTree = "<group>"; };
		8DCF8C431D1BE200003D9125 /* ForcastQuery.swift */ = {isa = PBXFileReference; fileEncoding = 4; lastKnownFileType = sourcecode.swift; path = ForcastQuery.swift; sourceTree = "<group>"; };
		8DCF8C441D1BE200003D9125 /* GitHubAPIService.swift */ = {isa = PBXFileReference; fileEncoding = 4; lastKnownFileType = sourcecode.swift; path = GitHubAPIService.swift; sourceTree = "<group>"; };
		8DCF8C451D1BE200003D9125 /* GithubUserContentService.swift */ = {isa = PBXFileReference; fileEncoding = 4; lastKnownFileType = sourcecode.swift; path = GithubUserContentService.swift; sourceTree = "<group>"; };
		8DCF8C461D1BE200003D9125 /* WeatherQuery.swift */ = {isa = PBXFileReference; fileEncoding = 4; lastKnownFileType = sourcecode.swift; path = WeatherQuery.swift; sourceTree = "<group>"; };
		8DCF8C471D1BE200003D9125 /* ZenQuery.swift */ = {isa = PBXFileReference; fileEncoding = 4; lastKnownFileType = sourcecode.swift; path = ZenQuery.swift; sourceTree = "<group>"; };
/* End PBXFileReference section */

/* Begin PBXFrameworksBuildPhase section */
		8DCF8C281D1BDAB4003D9125 /* Frameworks */ = {
			isa = PBXFrameworksBuildPhase;
			buildActionMask = 2147483647;
			files = (
				748DD0C5FFBE92DF2CB1BC63 /* Pods_Demo.framework in Frameworks */,
			);
			runOnlyForDeploymentPostprocessing = 0;
		};
/* End PBXFrameworksBuildPhase section */

/* Begin PBXGroup section */
		00A52D3C00069F5DDFB1F79A /* Frameworks */ = {
			isa = PBXGroup;
			children = (
				0493FB79ED4DDC0B1892DE47 /* Pods_Demo.framework */,
			);
			name = Frameworks;
			sourceTree = "<group>";
		};
		5A731F59C380B6749200C344 /* Pods */ = {
			isa = PBXGroup;
			children = (
				5E9D9A0362CA5BBBF3E3E5B6 /* Pods-Demo.debug.xcconfig */,
				8BF0588FB7D5A8FAE7FDB1C9 /* Pods-Demo.release.xcconfig */,
			);
			name = Pods;
			sourceTree = "<group>";
		};
		8DCF8C221D1BDAB4003D9125 = {
			isa = PBXGroup;
			children = (
				8DCF8C2D1D1BDAB4003D9125 /* Demo */,
				8DCF8C2C1D1BDAB4003D9125 /* Products */,
				00A52D3C00069F5DDFB1F79A /* Frameworks */,
				5A731F59C380B6749200C344 /* Pods */,
			);
			sourceTree = "<group>";
		};
		8DCF8C2C1D1BDAB4003D9125 /* Products */ = {
			isa = PBXGroup;
			children = (
				8DCF8C2B1D1BDAB4003D9125 /* Demo.app */,
			);
			name = Products;
			sourceTree = "<group>";
		};
		8DCF8C2D1D1BDAB4003D9125 /* Demo */ = {
			isa = PBXGroup;
			children = (
				8DCF8C401D1BE200003D9125 /* Model */,
				8DCF8C421D1BE200003D9125 /* Queries */,
				8DCF8C2E1D1BDAB4003D9125 /* AppDelegate.swift */,
				8DCF8C301D1BDAB4003D9125 /* ViewController.swift */,
				8DCF8C321D1BDAB4003D9125 /* Main.storyboard */,
				8DCF8C351D1BDAB4003D9125 /* Assets.xcassets */,
				8DCF8C371D1BDAB4003D9125 /* LaunchScreen.storyboard */,
				8DCF8C3A1D1BDAB4003D9125 /* Info.plist */,
			);
			path = Demo;
			sourceTree = "<group>";
		};
		8DCF8C401D1BE200003D9125 /* Model */ = {
			isa = PBXGroup;
			children = (
				8DCF8C411D1BE200003D9125 /* Forcast.swift */,
			);
			path = Model;
			sourceTree = "<group>";
		};
		8DCF8C421D1BE200003D9125 /* Queries */ = {
			isa = PBXGroup;
			children = (
				8DCF8C431D1BE200003D9125 /* ForcastQuery.swift */,
				8DCF8C441D1BE200003D9125 /* GitHubAPIService.swift */,
				8DCF8C451D1BE200003D9125 /* GithubUserContentService.swift */,
				8DCF8C461D1BE200003D9125 /* WeatherQuery.swift */,
				8DCF8C471D1BE200003D9125 /* ZenQuery.swift */,
			);
			path = Queries;
			sourceTree = "<group>";
		};
/* End PBXGroup section */

/* Begin PBXNativeTarget section */
		8DCF8C2A1D1BDAB4003D9125 /* Demo */ = {
			isa = PBXNativeTarget;
			buildConfigurationList = 8DCF8C3D1D1BDAB4003D9125 /* Build configuration list for PBXNativeTarget "Demo" */;
			buildPhases = (
				45AF181F4699C4B5C7D7E071 /* [CP] Check Pods Manifest.lock */,
				8DCF8C271D1BDAB4003D9125 /* Sources */,
				8DCF8C281D1BDAB4003D9125 /* Frameworks */,
				8DCF8C291D1BDAB4003D9125 /* Resources */,
				114976C1EED7E1A834F168E9 /* [CP] Embed Pods Frameworks */,
				A93B41D5BBA067FED162F3F7 /* [CP] Copy Pods Resources */,
			);
			buildRules = (
			);
			dependencies = (
			);
			name = Demo;
			productName = Demo;
			productReference = 8DCF8C2B1D1BDAB4003D9125 /* Demo.app */;
			productType = "com.apple.product-type.application";
		};
/* End PBXNativeTarget section */

/* Begin PBXProject section */
		8DCF8C231D1BDAB4003D9125 /* Project object */ = {
			isa = PBXProject;
			attributes = {
				LastSwiftUpdateCheck = 0730;
				LastUpgradeCheck = 0730;
				ORGANIZATIONNAME = Talentica;
				TargetAttributes = {
					8DCF8C2A1D1BDAB4003D9125 = {
						CreatedOnToolsVersion = 7.3;
					};
				};
			};
			buildConfigurationList = 8DCF8C261D1BDAB4003D9125 /* Build configuration list for PBXProject "Demo" */;
			compatibilityVersion = "Xcode 3.2";
			developmentRegion = English;
			hasScannedForEncodings = 0;
			knownRegions = (
				en,
				Base,
			);
			mainGroup = 8DCF8C221D1BDAB4003D9125;
			productRefGroup = 8DCF8C2C1D1BDAB4003D9125 /* Products */;
			projectDirPath = "";
			projectRoot = "";
			targets = (
				8DCF8C2A1D1BDAB4003D9125 /* Demo */,
			);
		};
/* End PBXProject section */

/* Begin PBXResourcesBuildPhase section */
		8DCF8C291D1BDAB4003D9125 /* Resources */ = {
			isa = PBXResourcesBuildPhase;
			buildActionMask = 2147483647;
			files = (
				8DCF8C391D1BDAB4003D9125 /* LaunchScreen.storyboard in Resources */,
				8DCF8C361D1BDAB4003D9125 /* Assets.xcassets in Resources */,
				8DCF8C341D1BDAB4003D9125 /* Main.storyboard in Resources */,
			);
			runOnlyForDeploymentPostprocessing = 0;
		};
/* End PBXResourcesBuildPhase section */

/* Begin PBXShellScriptBuildPhase section */
		114976C1EED7E1A834F168E9 /* [CP] Embed Pods Frameworks */ = {
			isa = PBXShellScriptBuildPhase;
			buildActionMask = 2147483647;
			files = (
			);
			inputPaths = (
			);
			name = "[CP] Embed Pods Frameworks";
			outputPaths = (
			);
			runOnlyForDeploymentPostprocessing = 0;
			shellPath = /bin/sh;
			shellScript = "\"${SRCROOT}/Pods/Target Support Files/Pods-Demo/Pods-Demo-frameworks.sh\"\n";
			showEnvVarsInLog = 0;
		};
		45AF181F4699C4B5C7D7E071 /* [CP] Check Pods Manifest.lock */ = {
			isa = PBXShellScriptBuildPhase;
			buildActionMask = 2147483647;
			files = (
			);
			inputPaths = (
			);
			name = "[CP] Check Pods Manifest.lock";
			outputPaths = (
			);
			runOnlyForDeploymentPostprocessing = 0;
			shellPath = /bin/sh;
			shellScript = "diff \"${PODS_ROOT}/../Podfile.lock\" \"${PODS_ROOT}/Manifest.lock\" > /dev/null\nif [[ $? != 0 ]] ; then\n    cat << EOM\nerror: The sandbox is not in sync with the Podfile.lock. Run 'pod install' or update your CocoaPods installation.\nEOM\n    exit 1\nfi\n";
			showEnvVarsInLog = 0;
		};
		A93B41D5BBA067FED162F3F7 /* [CP] Copy Pods Resources */ = {
			isa = PBXShellScriptBuildPhase;
			buildActionMask = 2147483647;
			files = (
			);
			inputPaths = (
			);
			name = "[CP] Copy Pods Resources";
			outputPaths = (
			);
			runOnlyForDeploymentPostprocessing = 0;
			shellPath = /bin/sh;
			shellScript = "\"${SRCROOT}/Pods/Target Support Files/Pods-Demo/Pods-Demo-resources.sh\"\n";
			showEnvVarsInLog = 0;
		};
/* End PBXShellScriptBuildPhase section */

/* Begin PBXSourcesBuildPhase section */
		8DCF8C271D1BDAB4003D9125 /* Sources */ = {
			isa = PBXSourcesBuildPhase;
			buildActionMask = 2147483647;
			files = (
				8DCF8C481D1BE200003D9125 /* Forcast.swift in Sources */,
				8DCF8C4C1D1BE200003D9125 /* WeatherQuery.swift in Sources */,
				8DCF8C491D1BE200003D9125 /* ForcastQuery.swift in Sources */,
				8DCF8C4A1D1BE200003D9125 /* GitHubAPIService.swift in Sources */,
				8DCF8C4D1D1BE200003D9125 /* ZenQuery.swift in Sources */,
				8DCF8C311D1BDAB4003D9125 /* ViewController.swift in Sources */,
				8DCF8C2F1D1BDAB4003D9125 /* AppDelegate.swift in Sources */,
				8DCF8C4B1D1BE200003D9125 /* GithubUserContentService.swift in Sources */,
			);
			runOnlyForDeploymentPostprocessing = 0;
		};
/* End PBXSourcesBuildPhase section */

/* Begin PBXVariantGroup section */
		8DCF8C321D1BDAB4003D9125 /* Main.storyboard */ = {
			isa = PBXVariantGroup;
			children = (
				8DCF8C331D1BDAB4003D9125 /* Base */,
			);
			name = Main.storyboard;
			sourceTree = "<group>";
		};
		8DCF8C371D1BDAB4003D9125 /* LaunchScreen.storyboard */ = {
			isa = PBXVariantGroup;
			children = (
				8DCF8C381D1BDAB4003D9125 /* Base */,
			);
			name = LaunchScreen.storyboard;
			sourceTree = "<group>";
		};
/* End PBXVariantGroup section */

/* Begin XCBuildConfiguration section */
		8DCF8C3B1D1BDAB4003D9125 /* Debug */ = {
			isa = XCBuildConfiguration;
			buildSettings = {
				ALWAYS_SEARCH_USER_PATHS = NO;
				CLANG_ANALYZER_NONNULL = YES;
				CLANG_CXX_LANGUAGE_STANDARD = "gnu++0x";
				CLANG_CXX_LIBRARY = "libc++";
				CLANG_ENABLE_MODULES = YES;
				CLANG_ENABLE_OBJC_ARC = YES;
				CLANG_WARN_BOOL_CONVERSION = YES;
				CLANG_WARN_CONSTANT_CONVERSION = YES;
				CLANG_WARN_DIRECT_OBJC_ISA_USAGE = YES_ERROR;
				CLANG_WARN_EMPTY_BODY = YES;
				CLANG_WARN_ENUM_CONVERSION = YES;
				CLANG_WARN_INT_CONVERSION = YES;
				CLANG_WARN_OBJC_ROOT_CLASS = YES_ERROR;
				CLANG_WARN_UNREACHABLE_CODE = YES;
				CLANG_WARN__DUPLICATE_METHOD_MATCH = YES;
				"CODE_SIGN_IDENTITY[sdk=iphoneos*]" = "iPhone Developer";
				COPY_PHASE_STRIP = NO;
				DEBUG_INFORMATION_FORMAT = dwarf;
				ENABLE_STRICT_OBJC_MSGSEND = YES;
				ENABLE_TESTABILITY = YES;
				GCC_C_LANGUAGE_STANDARD = gnu99;
				GCC_DYNAMIC_NO_PIC = NO;
				GCC_NO_COMMON_BLOCKS = YES;
				GCC_OPTIMIZATION_LEVEL = 0;
				GCC_PREPROCESSOR_DEFINITIONS = (
					"DEBUG=1",
					"$(inherited)",
				);
				GCC_WARN_64_TO_32_BIT_CONVERSION = YES;
				GCC_WARN_ABOUT_RETURN_TYPE = YES_ERROR;
				GCC_WARN_UNDECLARED_SELECTOR = YES;
				GCC_WARN_UNINITIALIZED_AUTOS = YES_AGGRESSIVE;
				GCC_WARN_UNUSED_FUNCTION = YES;
				GCC_WARN_UNUSED_VARIABLE = YES;
				IPHONEOS_DEPLOYMENT_TARGET = 9.3;
				MTL_ENABLE_DEBUG_INFO = YES;
				ONLY_ACTIVE_ARCH = YES;
				SDKROOT = iphoneos;
				SWIFT_OPTIMIZATION_LEVEL = "-Onone";
			};
			name = Debug;
		};
		8DCF8C3C1D1BDAB4003D9125 /* Release */ = {
			isa = XCBuildConfiguration;
			buildSettings = {
				ALWAYS_SEARCH_USER_PATHS = NO;
				CLANG_ANALYZER_NONNULL = YES;
				CLANG_CXX_LANGUAGE_STANDARD = "gnu++0x";
				CLANG_CXX_LIBRARY = "libc++";
				CLANG_ENABLE_MODULES = YES;
				CLANG_ENABLE_OBJC_ARC = YES;
				CLANG_WARN_BOOL_CONVERSION = YES;
				CLANG_WARN_CONSTANT_CONVERSION = YES;
				CLANG_WARN_DIRECT_OBJC_ISA_USAGE = YES_ERROR;
				CLANG_WARN_EMPTY_BODY = YES;
				CLANG_WARN_ENUM_CONVERSION = YES;
				CLANG_WARN_INT_CONVERSION = YES;
				CLANG_WARN_OBJC_ROOT_CLASS = YES_ERROR;
				CLANG_WARN_UNREACHABLE_CODE = YES;
				CLANG_WARN__DUPLICATE_METHOD_MATCH = YES;
				"CODE_SIGN_IDENTITY[sdk=iphoneos*]" = "iPhone Developer";
				COPY_PHASE_STRIP = NO;
				DEBUG_INFORMATION_FORMAT = "dwarf-with-dsym";
				ENABLE_NS_ASSERTIONS = NO;
				ENABLE_STRICT_OBJC_MSGSEND = YES;
				GCC_C_LANGUAGE_STANDARD = gnu99;
				GCC_NO_COMMON_BLOCKS = YES;
				GCC_WARN_64_TO_32_BIT_CONVERSION = YES;
				GCC_WARN_ABOUT_RETURN_TYPE = YES_ERROR;
				GCC_WARN_UNDECLARED_SELECTOR = YES;
				GCC_WARN_UNINITIALIZED_AUTOS = YES_AGGRESSIVE;
				GCC_WARN_UNUSED_FUNCTION = YES;
				GCC_WARN_UNUSED_VARIABLE = YES;
				IPHONEOS_DEPLOYMENT_TARGET = 9.3;
				MTL_ENABLE_DEBUG_INFO = NO;
				SDKROOT = iphoneos;
				VALIDATE_PRODUCT = YES;
			};
			name = Release;
		};
		8DCF8C3E1D1BDAB4003D9125 /* Debug */ = {
			isa = XCBuildConfiguration;
			baseConfigurationReference = 5E9D9A0362CA5BBBF3E3E5B6 /* Pods-Demo.debug.xcconfig */;
			buildSettings = {
				ASSETCATALOG_COMPILER_APPICON_NAME = AppIcon;
				INFOPLIST_FILE = Demo/Info.plist;
				LD_RUNPATH_SEARCH_PATHS = "$(inherited) @executable_path/Frameworks";
				PRODUCT_BUNDLE_IDENTIFIER = com.talentica.Demo;
				PRODUCT_NAME = "$(TARGET_NAME)";
			};
			name = Debug;
		};
		8DCF8C3F1D1BDAB4003D9125 /* Release */ = {
			isa = XCBuildConfiguration;
			baseConfigurationReference = 8BF0588FB7D5A8FAE7FDB1C9 /* Pods-Demo.release.xcconfig */;
			buildSettings = {
				ASSETCATALOG_COMPILER_APPICON_NAME = AppIcon;
				INFOPLIST_FILE = Demo/Info.plist;
				LD_RUNPATH_SEARCH_PATHS = "$(inherited) @executable_path/Frameworks";
				PRODUCT_BUNDLE_IDENTIFIER = com.talentica.Demo;
				PRODUCT_NAME = "$(TARGET_NAME)";
			};
			name = Release;
		};
/* End XCBuildConfiguration section */

/* Begin XCConfigurationList section */
		8DCF8C261D1BDAB4003D9125 /* Build configuration list for PBXProject "Demo" */ = {
			isa = XCConfigurationList;
			buildConfigurations = (
				8DCF8C3B1D1BDAB4003D9125 /* Debug */,
				8DCF8C3C1D1BDAB4003D9125 /* Release */,
			);
			defaultConfigurationIsVisible = 0;
			defaultConfigurationName = Release;
		};
		8DCF8C3D1D1BDAB4003D9125 /* Build configuration list for PBXNativeTarget "Demo" */ = {
			isa = XCConfigurationList;
			buildConfigurations = (
				8DCF8C3E1D1BDAB4003D9125 /* Debug */,
				8DCF8C3F1D1BDAB4003D9125 /* Release */,
			);
			defaultConfigurationIsVisible = 0;
			defaultConfigurationName = Release;
		};
/* End XCConfigurationList section */
	};
	rootObject = 8DCF8C231D1BDAB4003D9125 /* Project object */;
}
